
Microsoft Visual Studio Solution File, Format Version 12.00
# Visual Studio Version 16
VisualStudioVersion = 16.0.29123.89
MinimumVisualStudioVersion = 10.0.40219.1
Project("{9A19103F-16F7-4668-BE54-9A1E7A4F7556}") = "GrpcJsonTranscoder", "src\GrpcJsonTranscoder\GrpcJsonTranscoder.csproj", "{B762BD06-72DA-4A30-BB48-B9FDA5DCF1B8}"
EndProject
Project("{2150E333-8FDC-42A3-9474-1A3956D46DE8}") = "samples", "samples", "{6A19AF1E-0584-4F63-B232-911248299643}"
EndProject
Project("{2150E333-8FDC-42A3-9474-1A3956D46DE8}") = "grpc", "grpc", "{F8EBC152-2354-4C34-A9BD-F3E281C705A8}"
EndProject
Project("{2150E333-8FDC-42A3-9474-1A3956D46DE8}") = "__", "__", "{896E81EA-7D8B-4554-A3E0-558D01AF7F68}"
	ProjectSection(SolutionItems) = preProject
		.gitignore = .gitignore
		LICENSE = LICENSE
		README.md = README.md
	EndProjectSection
EndProject
Project("{9A19103F-16F7-4668-BE54-9A1E7A4F7556}") = "GrpcShared", "samples\GrpcShared\GrpcShared.csproj", "{C0008786-D13F-4A96-A0EF-C1E8EA1E5F0E}"
EndProject
Project("{9A19103F-16F7-4668-BE54-9A1E7A4F7556}") = "OcelotGateway", "samples\OcelotGateway\OcelotGateway.csproj", "{58A8392E-6145-4F8E-888A-1716889D0CF2}"
EndProject
Project("{9A19103F-16F7-4668-BE54-9A1E7A4F7556}") = "AggregationRestApi", "samples\AggregationRestApi\AggregationRestApi.csproj", "{1891AAAD-BACD-49EB-8537-A3C06BBD4F07}"
EndProject
Project("{9A19103F-16F7-4668-BE54-9A1E7A4F7556}") = "GreatGrpcServer", "samples\GreatGrpcServer\GreatGrpcServer.csproj", "{62E0B118-6F17-4C98-A676-AA0D046AC2D8}"
EndProject
Project("{9A19103F-16F7-4668-BE54-9A1E7A4F7556}") = "ProductCatalogGrpcServer", "samples\ProductCatalogGrpcServer\ProductCatalogGrpcServer.csproj", "{9E51C10E-6546-4845-8613-CCFA43FE1873}"
EndProject
Project("{9A19103F-16F7-4668-BE54-9A1E7A4F7556}") = "GrpcJsonTranscoder.FunctionalTests", "src\GrpcJsonTranscoder.FunctionalTests\GrpcJsonTranscoder.FunctionalTests.csproj", "{108CC360-6D5A-49D1-AA33-7A4DAC140DB2}"
EndProject
Global
	GlobalSection(SolutionConfigurationPlatforms) = preSolution
		Debug|Any CPU = Debug|Any CPU
		Release|Any CPU = Release|Any CPU
	EndGlobalSection
	GlobalSection(ProjectConfigurationPlatforms) = postSolution
		{B762BD06-72DA-4A30-BB48-B9FDA5DCF1B8}.Debug|Any CPU.ActiveCfg = Debug|Any CPU
		{B762BD06-72DA-4A30-BB48-B9FDA5DCF1B8}.Debug|Any CPU.Build.0 = Debug|Any CPU
		{B762BD06-72DA-4A30-BB48-B9FDA5DCF1B8}.Release|Any CPU.ActiveCfg = Release|Any CPU
		{B762BD06-72DA-4A30-BB48-B9FDA5DCF1B8}.Release|Any CPU.Build.0 = Release|Any CPU
		{C0008786-D13F-4A96-A0EF-C1E8EA1E5F0E}.Debug|Any CPU.ActiveCfg = Debug|Any CPU
		{C0008786-D13F-4A96-A0EF-C1E8EA1E5F0E}.Debug|Any CPU.Build.0 = Debug|Any CPU
		{C0008786-D13F-4A96-A0EF-C1E8EA1E5F0E}.Release|Any CPU.ActiveCfg = Release|Any CPU
		{C0008786-D13F-4A96-A0EF-C1E8EA1E5F0E}.Release|Any CPU.Build.0 = Release|Any CPU
		{58A8392E-6145-4F8E-888A-1716889D0CF2}.Debug|Any CPU.ActiveCfg = Debug|Any CPU
		{58A8392E-6145-4F8E-888A-1716889D0CF2}.Debug|Any CPU.Build.0 = Debug|Any CPU
		{58A8392E-6145-4F8E-888A-1716889D0CF2}.Release|Any CPU.ActiveCfg = Release|Any CPU
		{58A8392E-6145-4F8E-888A-1716889D0CF2}.Release|Any CPU.Build.0 = Release|Any CPU
		{1891AAAD-BACD-49EB-8537-A3C06BBD4F07}.Debug|Any CPU.ActiveCfg = Debug|Any CPU
		{1891AAAD-BACD-49EB-8537-A3C06BBD4F07}.Debug|Any CPU.Build.0 = Debug|Any CPU
		{1891AAAD-BACD-49EB-8537-A3C06BBD4F07}.Release|Any CPU.ActiveCfg = Release|Any CPU
		{1891AAAD-BACD-49EB-8537-A3C06BBD4F07}.Release|Any CPU.Build.0 = Release|Any CPU
		{62E0B118-6F17-4C98-A676-AA0D046AC2D8}.Debug|Any CPU.ActiveCfg = Debug|Any CPU
		{62E0B118-6F17-4C98-A676-AA0D046AC2D8}.Debug|Any CPU.Build.0 = Debug|Any CPU
		{62E0B118-6F17-4C98-A676-AA0D046AC2D8}.Release|Any CPU.ActiveCfg = Release|Any CPU
		{62E0B118-6F17-4C98-A676-AA0D046AC2D8}.Release|Any CPU.Build.0 = Release|Any CPU
		{9E51C10E-6546-4845-8613-CCFA43FE1873}.Debug|Any CPU.ActiveCfg = Debug|Any CPU
		{9E51C10E-6546-4845-8613-CCFA43FE1873}.Debug|Any CPU.Build.0 = Debug|Any CPU
		{9E51C10E-6546-4845-8613-CCFA43FE1873}.Release|Any CPU.ActiveCfg = Release|Any CPU
		{9E51C10E-6546-4845-8613-CCFA43FE1873}.Release|Any CPU.Build.0 = Release|Any CPU
		{108CC360-6D5A-49D1-AA33-7A4DAC140DB2}.Debug|Any CPU.ActiveCfg = Debug|Any CPU
		{108CC360-6D5A-49D1-AA33-7A4DAC140DB2}.Debug|Any CPU.Build.0 = Debug|Any CPU
		{108CC360-6D5A-49D1-AA33-7A4DAC140DB2}.Release|Any CPU.ActiveCfg = Release|Any CPU
		{108CC360-6D5A-49D1-AA33-7A4DAC140DB2}.Release|Any CPU.Build.0 = Release|Any CPU
	EndGlobalSection
	GlobalSection(SolutionProperties) = preSolution
		HideSolutionNode = FALSE
	EndGlobalSection
	GlobalSection(NestedProjects) = preSolution
		{F8EBC152-2354-4C34-A9BD-F3E281C705A8} = {6A19AF1E-0584-4F63-B232-911248299643}
		{C0008786-D13F-4A96-A0EF-C1E8EA1E5F0E} = {F8EBC152-2354-4C34-A9BD-F3E281C705A8}
		{58A8392E-6145-4F8E-888A-1716889D0CF2} = {6A19AF1E-0584-4F63-B232-911248299643}
		{1891AAAD-BACD-49EB-8537-A3C06BBD4F07} = {6A19AF1E-0584-4F63-B232-911248299643}
		{62E0B118-6F17-4C98-A676-AA0D046AC2D8} = {F8EBC152-2354-4C34-A9BD-F3E281C705A8}
		{9E51C10E-6546-4845-8613-CCFA43FE1873} = {F8EBC152-2354-4C34-A9BD-F3E281C705A8}
	EndGlobalSection
	GlobalSection(ExtensibilityGlobals) = postSolution
		SolutionGuid = {1C466B36-D9C6-4F70-8F17-F43201BEBB3B}
	EndGlobalSection
EndGlobal
