
Microsoft Visual Studio Solution File, Format Version 12.00
# Visual Studio Version 16
VisualStudioVersion = 16.0.29123.89
MinimumVisualStudioVersion = 10.0.40219.1
Project("{9A19103F-16F7-4668-BE54-9A1E7A4F7556}") = "GrpcShared", "src\GrpcShared\GrpcShared.csproj", "{31169C65-6FBA-452A-A2B5-0A4F2FEA37C8}"
EndProject
Project("{9A19103F-16F7-4668-BE54-9A1E7A4F7556}") = "TestGrpcServer", "src\TestGrpcServer\TestGrpcServer.csproj", "{07899352-9893-4E54-9434-92E73E24CA68}"
EndProject
Project("{9A19103F-16F7-4668-BE54-9A1E7A4F7556}") = "TestGrpcConsole", "src\TestGrpcConsole\TestGrpcConsole.csproj", "{4E2F9E90-B0BF-433F-9746-3E5014FFD6D8}"
EndProject
Project("{9A19103F-16F7-4668-BE54-9A1E7A4F7556}") = "Gateway", "src\Gateway\Gateway.csproj", "{ECE924B5-584A-45BF-8F31-5398F9361240}"
EndProject
Project("{FAE04EC0-301F-11D3-BF4B-00C04F79EFBC}") = "GrpcGateway", "src\GrpcGateway\GrpcGateway.csproj", "{D62D11C3-7682-40C3-8397-60C4DE9BD372}"
EndProject
Global
	GlobalSection(SolutionConfigurationPlatforms) = preSolution
		Debug|Any CPU = Debug|Any CPU
		Release|Any CPU = Release|Any CPU
	EndGlobalSection
	GlobalSection(ProjectConfigurationPlatforms) = postSolution
		{31169C65-6FBA-452A-A2B5-0A4F2FEA37C8}.Debug|Any CPU.ActiveCfg = Debug|Any CPU
		{31169C65-6FBA-452A-A2B5-0A4F2FEA37C8}.Debug|Any CPU.Build.0 = Debug|Any CPU
		{31169C65-6FBA-452A-A2B5-0A4F2FEA37C8}.Release|Any CPU.ActiveCfg = Release|Any CPU
		{31169C65-6FBA-452A-A2B5-0A4F2FEA37C8}.Release|Any CPU.Build.0 = Release|Any CPU
		{07899352-9893-4E54-9434-92E73E24CA68}.Debug|Any CPU.ActiveCfg = Debug|Any CPU
		{07899352-9893-4E54-9434-92E73E24CA68}.Debug|Any CPU.Build.0 = Debug|Any CPU
		{07899352-9893-4E54-9434-92E73E24CA68}.Release|Any CPU.ActiveCfg = Release|Any CPU
		{07899352-9893-4E54-9434-92E73E24CA68}.Release|Any CPU.Build.0 = Release|Any CPU
		{4E2F9E90-B0BF-433F-9746-3E5014FFD6D8}.Debug|Any CPU.ActiveCfg = Debug|Any CPU
		{4E2F9E90-B0BF-433F-9746-3E5014FFD6D8}.Debug|Any CPU.Build.0 = Debug|Any CPU
		{4E2F9E90-B0BF-433F-9746-3E5014FFD6D8}.Release|Any CPU.ActiveCfg = Release|Any CPU
		{4E2F9E90-B0BF-433F-9746-3E5014FFD6D8}.Release|Any CPU.Build.0 = Release|Any CPU
		{ECE924B5-584A-45BF-8F31-5398F9361240}.Debug|Any CPU.ActiveCfg = Debug|Any CPU
		{ECE924B5-584A-45BF-8F31-5398F9361240}.Debug|Any CPU.Build.0 = Debug|Any CPU
		{ECE924B5-584A-45BF-8F31-5398F9361240}.Release|Any CPU.ActiveCfg = Release|Any CPU
		{ECE924B5-584A-45BF-8F31-5398F9361240}.Release|Any CPU.Build.0 = Release|Any CPU
		{D62D11C3-7682-40C3-8397-60C4DE9BD372}.Debug|Any CPU.ActiveCfg = Debug|Any CPU
		{D62D11C3-7682-40C3-8397-60C4DE9BD372}.Debug|Any CPU.Build.0 = Debug|Any CPU
		{D62D11C3-7682-40C3-8397-60C4DE9BD372}.Release|Any CPU.ActiveCfg = Release|Any CPU
		{D62D11C3-7682-40C3-8397-60C4DE9BD372}.Release|Any CPU.Build.0 = Release|Any CPU
	EndGlobalSection
	GlobalSection(SolutionProperties) = preSolution
		HideSolutionNode = FALSE
	EndGlobalSection
	GlobalSection(ExtensibilityGlobals) = postSolution
		SolutionGuid = {1C466B36-D9C6-4F70-8F17-F43201BEBB3B}
	EndGlobalSection
EndGlobal
